
Microsoft Visual Studio Solution File, Format Version 12.00
# Visual Studio Version 17
VisualStudioVersion = 17.0.32126.317
MinimumVisualStudioVersion = 10.0.40219.1
Project("{9A19103F-16F7-4668-BE54-9A1E7A4F7556}") = "Task_4.1.17", "Task_4.1.17\Task_4.1.17.csproj", "{CCA944C5-0616-4EF2-8D62-FED4FBE13570}"
EndProject
Project("{9A19103F-16F7-4668-BE54-9A1E7A4F7556}") = "Task_4.3.__", "Task_4.3.__\Task_4.3.__.csproj", "{BAE3A446-F034-49EA-9F0F-868E59BDDAAC}"
EndProject
Project("{9A19103F-16F7-4668-BE54-9A1E7A4F7556}") = "Task 4.3.17", "Task 4.3.17\Task 4.3.17.csproj", "{7D0C2141-7B7B-4B8A-8994-78EA05F36300}"
EndProject
Project("{9A19103F-16F7-4668-BE54-9A1E7A4F7556}") = "Task_4.4.2", "Task_4.4.2\Task_4.4.2.csproj", "{14205A51-1294-4207-8156-497B0CE000B5}"
EndProject
Project("{9A19103F-16F7-4668-BE54-9A1E7A4F7556}") = "Task_4.5._", "Task_4.5._\Task_4.5._.csproj", "{89E7B41C-95DD-410D-8DDD-8C496957F827}"
EndProject
Project("{9A19103F-16F7-4668-BE54-9A1E7A4F7556}") = "Task_5.1.6", "Task_5.1.6\Task_5.1.6.csproj", "{1809A897-44EC-45FA-89E0-D366D7BC6DC0}"
EndProject
Project("{9A19103F-16F7-4668-BE54-9A1E7A4F7556}") = "Task_5.3.1", "Task_5.3.1\Task_5.3.1.csproj", "{1DC586B8-665A-4C5C-A846-4468429739D9}"
EndProject
Project("{9A19103F-16F7-4668-BE54-9A1E7A4F7556}") = "Task_5.3.6", "Task_5.3.6\Task_5.3.6.csproj", "{2423568F-EBDB-4D4D-BC1F-E15DFA8A7330}"
EndProject
Project("{9A19103F-16F7-4668-BE54-9A1E7A4F7556}") = "Task_5.3.10", "Task_5.3.10\Task_5.3.10.csproj", "{CFCC2937-2091-499F-B6F9-5A0BC8C3CAF8}"
EndProject
Project("{9A19103F-16F7-4668-BE54-9A1E7A4F7556}") = "Task_5.3.13", "Task_5.3.13\Task_5.3.13.csproj", "{46DB6941-9193-4F80-A8E6-65290D010486}"
EndProject
Project("{9A19103F-16F7-4668-BE54-9A1E7A4F7556}") = "Task_5.3.11", "Task_5.3.11\Task_5.3.11.csproj", "{EBA9057A-9ED4-434E-89A9-2AE4A8CF3A84}"
EndProject
Project("{FAE04EC0-301F-11D3-BF4B-00C04F79EFBC}") = "Task_5.5.3", "Task_5.5.3\Task_5.5.3.csproj", "{63F12580-8AE3-4044-BE03-9F433DF75356}"
EndProject
Project("{FAE04EC0-301F-11D3-BF4B-00C04F79EFBC}") = "Task_5.5.5", "Task_5.5.5\Task_5.5.5.csproj", "{35229E5A-F505-4FD0-AC0E-7C774C8B6BE3}"
EndProject
Global
	GlobalSection(SolutionConfigurationPlatforms) = preSolution
		Debug|Any CPU = Debug|Any CPU
		Release|Any CPU = Release|Any CPU
	EndGlobalSection
	GlobalSection(ProjectConfigurationPlatforms) = postSolution
		{CCA944C5-0616-4EF2-8D62-FED4FBE13570}.Debug|Any CPU.ActiveCfg = Debug|Any CPU
		{CCA944C5-0616-4EF2-8D62-FED4FBE13570}.Debug|Any CPU.Build.0 = Debug|Any CPU
		{CCA944C5-0616-4EF2-8D62-FED4FBE13570}.Release|Any CPU.ActiveCfg = Release|Any CPU
		{CCA944C5-0616-4EF2-8D62-FED4FBE13570}.Release|Any CPU.Build.0 = Release|Any CPU
		{BAE3A446-F034-49EA-9F0F-868E59BDDAAC}.Debug|Any CPU.ActiveCfg = Debug|Any CPU
		{BAE3A446-F034-49EA-9F0F-868E59BDDAAC}.Debug|Any CPU.Build.0 = Debug|Any CPU
		{BAE3A446-F034-49EA-9F0F-868E59BDDAAC}.Release|Any CPU.ActiveCfg = Release|Any CPU
		{BAE3A446-F034-49EA-9F0F-868E59BDDAAC}.Release|Any CPU.Build.0 = Release|Any CPU
		{7D0C2141-7B7B-4B8A-8994-78EA05F36300}.Debug|Any CPU.ActiveCfg = Debug|Any CPU
		{7D0C2141-7B7B-4B8A-8994-78EA05F36300}.Debug|Any CPU.Build.0 = Debug|Any CPU
		{7D0C2141-7B7B-4B8A-8994-78EA05F36300}.Release|Any CPU.ActiveCfg = Release|Any CPU
		{7D0C2141-7B7B-4B8A-8994-78EA05F36300}.Release|Any CPU.Build.0 = Release|Any CPU
		{14205A51-1294-4207-8156-497B0CE000B5}.Debug|Any CPU.ActiveCfg = Debug|Any CPU
		{14205A51-1294-4207-8156-497B0CE000B5}.Debug|Any CPU.Build.0 = Debug|Any CPU
		{14205A51-1294-4207-8156-497B0CE000B5}.Release|Any CPU.ActiveCfg = Release|Any CPU
		{14205A51-1294-4207-8156-497B0CE000B5}.Release|Any CPU.Build.0 = Release|Any CPU
		{89E7B41C-95DD-410D-8DDD-8C496957F827}.Debug|Any CPU.ActiveCfg = Debug|Any CPU
		{89E7B41C-95DD-410D-8DDD-8C496957F827}.Debug|Any CPU.Build.0 = Debug|Any CPU
		{89E7B41C-95DD-410D-8DDD-8C496957F827}.Release|Any CPU.ActiveCfg = Release|Any CPU
		{89E7B41C-95DD-410D-8DDD-8C496957F827}.Release|Any CPU.Build.0 = Release|Any CPU
		{1809A897-44EC-45FA-89E0-D366D7BC6DC0}.Debug|Any CPU.ActiveCfg = Debug|Any CPU
		{1809A897-44EC-45FA-89E0-D366D7BC6DC0}.Debug|Any CPU.Build.0 = Debug|Any CPU
		{1809A897-44EC-45FA-89E0-D366D7BC6DC0}.Release|Any CPU.ActiveCfg = Release|Any CPU
		{1809A897-44EC-45FA-89E0-D366D7BC6DC0}.Release|Any CPU.Build.0 = Release|Any CPU
		{1DC586B8-665A-4C5C-A846-4468429739D9}.Debug|Any CPU.ActiveCfg = Debug|Any CPU
		{1DC586B8-665A-4C5C-A846-4468429739D9}.Debug|Any CPU.Build.0 = Debug|Any CPU
		{1DC586B8-665A-4C5C-A846-4468429739D9}.Release|Any CPU.ActiveCfg = Release|Any CPU
		{1DC586B8-665A-4C5C-A846-4468429739D9}.Release|Any CPU.Build.0 = Release|Any CPU
		{2423568F-EBDB-4D4D-BC1F-E15DFA8A7330}.Debug|Any CPU.ActiveCfg = Debug|Any CPU
		{2423568F-EBDB-4D4D-BC1F-E15DFA8A7330}.Debug|Any CPU.Build.0 = Debug|Any CPU
		{2423568F-EBDB-4D4D-BC1F-E15DFA8A7330}.Release|Any CPU.ActiveCfg = Release|Any CPU
		{2423568F-EBDB-4D4D-BC1F-E15DFA8A7330}.Release|Any CPU.Build.0 = Release|Any CPU
		{CFCC2937-2091-499F-B6F9-5A0BC8C3CAF8}.Debug|Any CPU.ActiveCfg = Debug|Any CPU
		{CFCC2937-2091-499F-B6F9-5A0BC8C3CAF8}.Debug|Any CPU.Build.0 = Debug|Any CPU
		{CFCC2937-2091-499F-B6F9-5A0BC8C3CAF8}.Release|Any CPU.ActiveCfg = Release|Any CPU
		{CFCC2937-2091-499F-B6F9-5A0BC8C3CAF8}.Release|Any CPU.Build.0 = Release|Any CPU
		{46DB6941-9193-4F80-A8E6-65290D010486}.Debug|Any CPU.ActiveCfg = Debug|Any CPU
		{46DB6941-9193-4F80-A8E6-65290D010486}.Debug|Any CPU.Build.0 = Debug|Any CPU
		{46DB6941-9193-4F80-A8E6-65290D010486}.Release|Any CPU.ActiveCfg = Release|Any CPU
		{46DB6941-9193-4F80-A8E6-65290D010486}.Release|Any CPU.Build.0 = Release|Any CPU
		{EBA9057A-9ED4-434E-89A9-2AE4A8CF3A84}.Debug|Any CPU.ActiveCfg = Debug|Any CPU
		{EBA9057A-9ED4-434E-89A9-2AE4A8CF3A84}.Debug|Any CPU.Build.0 = Debug|Any CPU
		{EBA9057A-9ED4-434E-89A9-2AE4A8CF3A84}.Release|Any CPU.ActiveCfg = Release|Any CPU
		{EBA9057A-9ED4-434E-89A9-2AE4A8CF3A84}.Release|Any CPU.Build.0 = Release|Any CPU
		{63F12580-8AE3-4044-BE03-9F433DF75356}.Debug|Any CPU.ActiveCfg = Debug|Any CPU
		{63F12580-8AE3-4044-BE03-9F433DF75356}.Debug|Any CPU.Build.0 = Debug|Any CPU
		{63F12580-8AE3-4044-BE03-9F433DF75356}.Release|Any CPU.ActiveCfg = Release|Any CPU
		{63F12580-8AE3-4044-BE03-9F433DF75356}.Release|Any CPU.Build.0 = Release|Any CPU
		{35229E5A-F505-4FD0-AC0E-7C774C8B6BE3}.Debug|Any CPU.ActiveCfg = Debug|Any CPU
		{35229E5A-F505-4FD0-AC0E-7C774C8B6BE3}.Debug|Any CPU.Build.0 = Debug|Any CPU
		{35229E5A-F505-4FD0-AC0E-7C774C8B6BE3}.Release|Any CPU.ActiveCfg = Release|Any CPU
		{35229E5A-F505-4FD0-AC0E-7C774C8B6BE3}.Release|Any CPU.Build.0 = Release|Any CPU
	EndGlobalSection
	GlobalSection(SolutionProperties) = preSolution
		HideSolutionNode = FALSE
	EndGlobalSection
	GlobalSection(ExtensibilityGlobals) = postSolution
		SolutionGuid = {C646FEBD-4D36-4A20-AE0C-87200D25AD28}
	EndGlobalSection
EndGlobal
