
Microsoft Visual Studio Solution File, Format Version 12.00
# Visual Studio Version 17
VisualStudioVersion = 17.0.32126.317
MinimumVisualStudioVersion = 10.0.40219.1
Project("{9A19103F-16F7-4668-BE54-9A1E7A4F7556}") = "Task_4.1.17", "Task_4.1.17\Task_4.1.17.csproj", "{CCA944C5-0616-4EF2-8D62-FED4FBE13570}"
EndProject
Project("{9A19103F-16F7-4668-BE54-9A1E7A4F7556}") = "Task_4.3.__", "Task_4.3.__\Task_4.3.__.csproj", "{BAE3A446-F034-49EA-9F0F-868E59BDDAAC}"
EndProject
Project("{9A19103F-16F7-4668-BE54-9A1E7A4F7556}") = "Task 4.3.17", "Task 4.3.17\Task 4.3.17.csproj", "{7D0C2141-7B7B-4B8A-8994-78EA05F36300}"
EndProject
Project("{9A19103F-16F7-4668-BE54-9A1E7A4F7556}") = "Task_4.4.2", "Task_4.4.2\Task_4.4.2.csproj", "{14205A51-1294-4207-8156-497B0CE000B5}"
EndProject
Project("{9A19103F-16F7-4668-BE54-9A1E7A4F7556}") = "Task_4.5._", "Task_4.5._\Task_4.5._.csproj", "{89E7B41C-95DD-410D-8DDD-8C496957F827}"
EndProject
Project("{9A19103F-16F7-4668-BE54-9A1E7A4F7556}") = "Task_5.1.6", "Task_5.1.6\Task_5.1.6.csproj", "{1809A897-44EC-45FA-89E0-D366D7BC6DC0}"
EndProject
Project("{9A19103F-16F7-4668-BE54-9A1E7A4F7556}") = "Task_5.3.1", "Task_5.3.1\Task_5.3.1.csproj", "{1DC586B8-665A-4C5C-A846-4468429739D9}"
EndProject
Project("{9A19103F-16F7-4668-BE54-9A1E7A4F7556}") = "Task_5.3.6", "Task_5.3.6\Task_5.3.6.csproj", "{2423568F-EBDB-4D4D-BC1F-E15DFA8A7330}"
EndProject
Project("{9A19103F-16F7-4668-BE54-9A1E7A4F7556}") = "Task_5.3.10", "Task_5.3.10\Task_5.3.10.csproj", "{CFCC2937-2091-499F-B6F9-5A0BC8C3CAF8}"
EndProject
Project("{9A19103F-16F7-4668-BE54-9A1E7A4F7556}") = "Task_5.3.13", "Task_5.3.13\Task_5.3.13.csproj", "{46DB6941-9193-4F80-A8E6-65290D010486}"
EndProject
Project("{9A19103F-16F7-4668-BE54-9A1E7A4F7556}") = "Task_5.3.11", "Task_5.3.11\Task_5.3.11.csproj", "{EBA9057A-9ED4-434E-89A9-2AE4A8CF3A84}"
EndProject
Project("{9A19103F-16F7-4668-BE54-9A1E7A4F7556}") = "Task_5.5.3", "Task_5.5.3\Task_5.5.3.csproj", "{63F12580-8AE3-4044-BE03-9F433DF75356}"
EndProject
Project("{9A19103F-16F7-4668-BE54-9A1E7A4F7556}") = "Task_5.5.5", "Task_5.5.5\Task_5.5.5.csproj", "{35229E5A-F505-4FD0-AC0E-7C774C8B6BE3}"
EndProject
Project("{9A19103F-16F7-4668-BE54-9A1E7A4F7556}") = "Task_5.5.8", "Task_5.5.8\Task_5.5.8.csproj", "{72F91684-CB93-4774-B25B-69181FDDB7EA}"
EndProject
Project("{9A19103F-16F7-4668-BE54-9A1E7A4F7556}") = "Project_5.6", "Project_5.6\Project_5.6.csproj", "{8C0DE762-C604-4248-A8EF-2CE77D3AE11C}"
EndProject
Project("{9A19103F-16F7-4668-BE54-9A1E7A4F7556}") = "Task_6.2.2", "Task_6.2.2\Task_6.2.2.csproj", "{FE259CDF-72BB-4179-8E31-0255CAEC5999}"
EndProject
Project("{9A19103F-16F7-4668-BE54-9A1E7A4F7556}") = "Task_6.2.8", "Task_6.2.8\Task_6.2.8.csproj", "{74773AD6-106B-4054-8576-FC529E5B77FD}"
EndProject
Project("{9A19103F-16F7-4668-BE54-9A1E7A4F7556}") = "Task_6.6.1", "Task_6.6.1\Task_6.6.1.csproj", "{144182E6-E247-48EC-BD47-4EE8583ACCDC}"
EndProject
Project("{9A19103F-16F7-4668-BE54-9A1E7A4F7556}") = "Task_6.6.2", "Task_6.6.2\Task_6.6.2.csproj", "{FBBEF84F-1FEB-4B86-B513-174F0E511F99}"
EndProject
Project("{9A19103F-16F7-4668-BE54-9A1E7A4F7556}") = "Task_7.1.4", "Task_7.1.4\Task_7.1.4.csproj", "{93F72C7B-BD0A-407E-95F7-ECA8B9078044}"
EndProject
Project("{9A19103F-16F7-4668-BE54-9A1E7A4F7556}") = "Task_7.1.10", "Task_7.1.10\Task_7.1.10.csproj", "{D0E078E2-B476-464F-B2BA-896450388083}"
EndProject
Project("{9A19103F-16F7-4668-BE54-9A1E7A4F7556}") = "Task_7.2.4", "Task_7.2.4\Task_7.2.4.csproj", "{1DB2BCB9-9602-4C42-BA6B-2EF74C014683}"
EndProject
Project("{9A19103F-16F7-4668-BE54-9A1E7A4F7556}") = "Task_7.2.7", "Task_7.2.7\Task_7.2.7.csproj", "{C42B6475-780A-4BD5-A20F-D991FD918575}"
EndProject
Project("{9A19103F-16F7-4668-BE54-9A1E7A4F7556}") = "Task_7.2.12", "Task_7.2.12\Task_7.2.12.csproj", "{D0010EBC-CAA9-442A-BDD1-791723AAE0AB}"
EndProject
Project("{9A19103F-16F7-4668-BE54-9A1E7A4F7556}") = "Task_7.2.14", "Task_7.2.14\Task_7.2.14.csproj", "{2205252F-BC6C-4632-9D46-ED322CC3C9A9}"
EndProject
Project("{9A19103F-16F7-4668-BE54-9A1E7A4F7556}") = "Task_7.3.3", "Task_7.3.3\Task_7.3.3.csproj", "{626E1FA9-3F44-4843-9A84-539B9A8D50A8}"
EndProject
Project("{2150E333-8FDC-42A3-9474-1A3956D46DE8}") = "Module 4", "Module 4", "{F8014ADB-0362-4C36-A2AC-EC640905A657}"
EndProject
Project("{2150E333-8FDC-42A3-9474-1A3956D46DE8}") = "Module 5", "Module 5", "{8D4DA3CD-177F-4EEA-819A-35C47A1A4947}"
EndProject
Project("{2150E333-8FDC-42A3-9474-1A3956D46DE8}") = "Module 6", "Module 6", "{A208B0C0-087E-4249-B0EB-6EBAC1A8BACF}"
EndProject
Project("{2150E333-8FDC-42A3-9474-1A3956D46DE8}") = "Module 7", "Module 7", "{6B1DACAE-ACFF-49E4-9AC8-04A5362504B1}"
EndProject
Project("{9A19103F-16F7-4668-BE54-9A1E7A4F7556}") = "Task_7.5.2", "Task_7.5.2\Task_7.5.2.csproj", "{EBCA44B1-41BB-474F-80FD-17AD7F03502A}"
EndProject
Project("{9A19103F-16F7-4668-BE54-9A1E7A4F7556}") = "Task 7.5.3", "Task 7.5.3\Task 7.5.3.csproj", "{52F858DF-260E-4573-ACFE-ED03CAD080BB}"
EndProject
Project("{9A19103F-16F7-4668-BE54-9A1E7A4F7556}") = "Task_7.5.9", "Task_7.5.9\Task_7.5.9.csproj", "{E9750F49-600E-4E70-984B-7DAD9A2EC49C}"
EndProject
Project("{9A19103F-16F7-4668-BE54-9A1E7A4F7556}") = "Task_7.6.2", "Task_7.6.2\Task_7.6.2.csproj", "{1DE61B14-9C7D-4314-A4BD-5521D09353AB}"
EndProject
Project("{9A19103F-16F7-4668-BE54-9A1E7A4F7556}") = "Task_7.6.6", "Task_7.6.6\Task_7.6.6.csproj", "{739171B3-ECF3-4D33-BBFC-D6DB112870C5}"
EndProject
Project("{9A19103F-16F7-4668-BE54-9A1E7A4F7556}") = "Task_7.6.9", "Task_7.6.9\Task_7.6.9.csproj", "{C71585D7-E8FF-4CF1-836C-7813F5C0D539}"
EndProject
Project("{9A19103F-16F7-4668-BE54-9A1E7A4F7556}") = "Final_Task_7", "Final_Task_7\Final_Task_7.csproj", "{62784016-A7B6-4C84-89A2-1056F6F386CF}"
EndProject
Project("{2150E333-8FDC-42A3-9474-1A3956D46DE8}") = "Module 8", "Module 8", "{46757EBC-4BDF-4C40-B7C4-18586810880B}"
EndProject
Project("{9A19103F-16F7-4668-BE54-9A1E7A4F7556}") = "Task_8.2.1", "Task_8.2.1\Task_8.2.1.csproj", "{6DE76B31-8D87-4E48-88FD-2CE928D8065B}"
EndProject
Project("{9A19103F-16F7-4668-BE54-9A1E7A4F7556}") = "Task_8.4.1", "Task_8.4.1\Task_8.4.1.csproj", "{01C7416E-EEF9-41EC-A20D-CCFBEDEE2EC7}"
EndProject
Project("{9A19103F-16F7-4668-BE54-9A1E7A4F7556}") = "Final_Task_8.1", "Final_Task_8.1\Final_Task_8.1.csproj", "{26A4FC96-BE92-4985-AB4B-23B750B80F91}"
EndProject
Project("{9A19103F-16F7-4668-BE54-9A1E7A4F7556}") = "Final_Task_8.2", "Final_Task_8.2\Final_Task_8.2.csproj", "{0DE9A3A7-6843-4EEA-80AC-6AFFC9324ED2}"
EndProject
Project("{9A19103F-16F7-4668-BE54-9A1E7A4F7556}") = "Final_Task_8.3", "Final_Task_8.3\Final_Task_8.3.csproj", "{D2A19D4A-DDEC-40AD-898F-9D718E311F2A}"
EndProject
Project("{9A19103F-16F7-4668-BE54-9A1E7A4F7556}") = "Final_Task_8.4", "Final_Task_8.4\Final_Task_8.4.csproj", "{3E1223AA-B462-4136-B923-38DF898E08FB}"
EndProject
Project("{2150E333-8FDC-42A3-9474-1A3956D46DE8}") = "Module 9", "Module 9", "{074BA6F6-3970-4CD9-AEAC-80CD67E1C1F2}"
EndProject
Project("{9A19103F-16F7-4668-BE54-9A1E7A4F7556}") = "Task_9.2.2", "Task_9.2.2\Task_9.2.2.csproj", "{710DF272-B362-4D56-A1B2-4DEE58589E47}"
EndProject
Project("{9A19103F-16F7-4668-BE54-9A1E7A4F7556}") = "Task_9.3.2", "Task_9.3.2\Task_9.3.2.csproj", "{F0DE60CC-0659-432E-AC8D-C5B086D23B4B}"
EndProject
Project("{9A19103F-16F7-4668-BE54-9A1E7A4F7556}") = "Task_9.3.12", "Task_9.3.12\Task_9.3.12.csproj", "{EE46D853-F284-4486-A451-BDD26B166001}"
EndProject
Project("{9A19103F-16F7-4668-BE54-9A1E7A4F7556}") = "Task_9.3.13", "Task_9.3.13\Task_9.3.13.csproj", "{368E5B84-232A-44C0-90C7-D2FDDC3C68B3}"
EndProject
Project("{9A19103F-16F7-4668-BE54-9A1E7A4F7556}") = "Task_9.4.2", "Task_9.4.2\Task_9.4.2.csproj", "{62307DD8-78F0-42BC-9C28-D9274BDA5FDD}"
EndProject
Project("{9A19103F-16F7-4668-BE54-9A1E7A4F7556}") = "Task_9.4.3", "Task_9.4.3\Task_9.4.3.csproj", "{3F091363-6B51-4220-8F56-194DBE72ED71}"
EndProject
Project("{9A19103F-16F7-4668-BE54-9A1E7A4F7556}") = "Final_Task_9.1", "Final_Task_9.1\Final_Task_9.1.csproj", "{5EEFEF56-05AE-49D4-AAD1-F18065A6B97E}"
EndProject
Project("{9A19103F-16F7-4668-BE54-9A1E7A4F7556}") = "Final_Task_9.2", "Final_Task_9.2\Final_Task_9.2.csproj", "{95D938EC-01BA-407A-B0A7-18A681115AF5}"
EndProject
Project("{2150E333-8FDC-42A3-9474-1A3956D46DE8}") = "Module 10", "Module 10", "{6B64E8AC-79BC-4A26-A384-B527A9BDA1D7}"
EndProject
Project("{9A19103F-16F7-4668-BE54-9A1E7A4F7556}") = "Task_10.1.4", "Task_10.1.4\Task_10.1.4.csproj", "{98D60531-88D4-4B54-B462-DEDEAB9E82E8}"
EndProject
Project("{9A19103F-16F7-4668-BE54-9A1E7A4F7556}") = "Task_10.2.2", "Task_10.2.2\Task_10.2.2.csproj", "{E76360C8-5000-4F51-BAEE-2FE6ED07A0DF}"
EndProject
Project("{9A19103F-16F7-4668-BE54-9A1E7A4F7556}") = "Task_10.2.3", "Task_10.2.3\Task_10.2.3.csproj", "{FF349303-3EF0-476F-8D77-A7745E7F0CEE}"
EndProject
Project("{9A19103F-16F7-4668-BE54-9A1E7A4F7556}") = "Task_10.2.4", "Task_10.2.4\Task_10.2.4.csproj", "{D2E1E725-F843-44D8-A729-CA12A1AF807A}"
EndProject
Project("{9A19103F-16F7-4668-BE54-9A1E7A4F7556}") = "Task_10.3.2", "Task_10.3.2\Task_10.3.2.csproj", "{4449071A-32FA-4407-90B7-6002F8C2A021}"
EndProject
Project("{9A19103F-16F7-4668-BE54-9A1E7A4F7556}") = "Task_10.3.3", "Task_10.3.3\Task_10.3.3.csproj", "{C91ADD49-8A8D-4082-952B-860879ACE8A2}"
EndProject
Project("{9A19103F-16F7-4668-BE54-9A1E7A4F7556}") = "Task_10.4.4", "Task_10.4.4\Task_10.4.4.csproj", "{1D882ECD-9661-45F1-99CF-655B531A20AF}"
EndProject
Project("{9A19103F-16F7-4668-BE54-9A1E7A4F7556}") = "Final_Task_10.1", "Final_Task_10.1\Final_Task_10.1.csproj", "{CF327127-D629-417F-BD0B-AA68DE8BC851}"
EndProject
Project("{9A19103F-16F7-4668-BE54-9A1E7A4F7556}") = "Final_Task_10.2", "Final_Task_10.2\Final_Task_10.2.csproj", "{26D86CBE-D309-4996-92C8-C109CA29C060}"
EndProject
Project("{2150E333-8FDC-42A3-9474-1A3956D46DE8}") = "Module 12", "Module 12", "{5020378F-2F1C-40BF-BF10-7ACE346477BA}"
EndProject
Project("{9A19103F-16F7-4668-BE54-9A1E7A4F7556}") = "Task_12.1.5", "Task_12.1.5\Task_12.1.5.csproj", "{8F2A9D6A-4278-42C1-BED2-37C4B8820C38}"
EndProject
Project("{2150E333-8FDC-42A3-9474-1A3956D46DE8}") = "Mobule 13", "Mobule 13", "{B2EBB40D-C940-4580-A306-C39C107BB2F5}"
EndProject
Project("{FAE04EC0-301F-11D3-BF4B-00C04F79EFBC}") = "Task_13.1.6", "Task_13.1.6\Task_13.1.6.csproj", "{8C86CB9D-5926-40B7-B5FF-DB0671B1FF2E}"
EndProject
Project("{FAE04EC0-301F-11D3-BF4B-00C04F79EFBC}") = "Task_13.3.4", "Task_13.3.4\Task_13.3.4.csproj", "{BA96C1E8-3D08-45FE-A92B-4DEA0E2F0A98}"
EndProject
Project("{FAE04EC0-301F-11D3-BF4B-00C04F79EFBC}") = "Task_13.5.4", "Task_13.5.4\Task_13.5.4.csproj", "{B7F0A533-07ED-4984-AED0-EA27AB019965}"
EndProject
Project("{FAE04EC0-301F-11D3-BF4B-00C04F79EFBC}") = "Task_13.5.8", "Task_13.5.8\Task_13.5.8.csproj", "{4CF2185C-ADA4-4502-9088-7FE9E2F39639}"
EndProject
Project("{FAE04EC0-301F-11D3-BF4B-00C04F79EFBC}") = "Final_Task_13.1", "Final_Task_13.1\Final_Task_13.1.csproj", "{769B7A67-AE06-4A6F-A0E5-76189CAB2781}"
EndProject
Project("{FAE04EC0-301F-11D3-BF4B-00C04F79EFBC}") = "Final_Task_13.2", "Final_Task_13.2\Final_Task_13.2.csproj", "{C24683DC-1E44-4C3D-ACC8-1EF8C6580BDA}"
EndProject
Project("{2150E333-8FDC-42A3-9474-1A3956D46DE8}") = "Module 14", "Module 14", "{970C2600-21E9-4C68-A7A4-8B738DDD5866}"
EndProject
Project("{FAE04EC0-301F-11D3-BF4B-00C04F79EFBC}") = "Task_14.8", "Task_14.8\Task_14.8.csproj", "{FD828B05-C10E-4351-B8EF-52A6DA671FEE}"
EndProject
Project("{FAE04EC0-301F-11D3-BF4B-00C04F79EFBC}") = "Task_14.1.1", "Task_14.1.1\Task_14.1.1.csproj", "{B305D780-67D1-465D-97A6-049AA2A94FC3}"
EndProject
Project("{FAE04EC0-301F-11D3-BF4B-00C04F79EFBC}") = "Task_14.1.6", "Task_14.1.6\Task_14.1.6.csproj", "{EA4548DD-49EB-480B-BB5A-0C287B85D990}"
EndProject
Project("{FAE04EC0-301F-11D3-BF4B-00C04F79EFBC}") = "Task_14.2.1", "Task_14.2.1\Task_14.2.1.csproj", "{6EAF1994-44FF-471D-8725-E2281435F264}"
EndProject
Project("{FAE04EC0-301F-11D3-BF4B-00C04F79EFBC}") = "Task_14.2.3", "Task_14.2.3\Task_14.2.3.csproj", "{A90A4166-5133-4E1C-9466-770B08FA2F65}"
EndProject
Project("{FAE04EC0-301F-11D3-BF4B-00C04F79EFBC}") = "Task_14.2.4", "Task_14.2.4\Task_14.2.4.csproj", "{B1214B52-4021-443F-9877-BE2B3D7EAC98}"
EndProject
Project("{FAE04EC0-301F-11D3-BF4B-00C04F79EFBC}") = "Task_14.2.5", "Task_14.2.5\Task_14.2.5.csproj", "{374C9ACE-58E9-472E-BCF3-12FF7BE57B80}"
EndProject
Global
	GlobalSection(SolutionConfigurationPlatforms) = preSolution
		Debug|Any CPU = Debug|Any CPU
		Release|Any CPU = Release|Any CPU
	EndGlobalSection
	GlobalSection(ProjectConfigurationPlatforms) = postSolution
		{CCA944C5-0616-4EF2-8D62-FED4FBE13570}.Debug|Any CPU.ActiveCfg = Debug|Any CPU
		{CCA944C5-0616-4EF2-8D62-FED4FBE13570}.Debug|Any CPU.Build.0 = Debug|Any CPU
		{CCA944C5-0616-4EF2-8D62-FED4FBE13570}.Release|Any CPU.ActiveCfg = Release|Any CPU
		{CCA944C5-0616-4EF2-8D62-FED4FBE13570}.Release|Any CPU.Build.0 = Release|Any CPU
		{BAE3A446-F034-49EA-9F0F-868E59BDDAAC}.Debug|Any CPU.ActiveCfg = Debug|Any CPU
		{BAE3A446-F034-49EA-9F0F-868E59BDDAAC}.Debug|Any CPU.Build.0 = Debug|Any CPU
		{BAE3A446-F034-49EA-9F0F-868E59BDDAAC}.Release|Any CPU.ActiveCfg = Release|Any CPU
		{BAE3A446-F034-49EA-9F0F-868E59BDDAAC}.Release|Any CPU.Build.0 = Release|Any CPU
		{7D0C2141-7B7B-4B8A-8994-78EA05F36300}.Debug|Any CPU.ActiveCfg = Debug|Any CPU
		{7D0C2141-7B7B-4B8A-8994-78EA05F36300}.Debug|Any CPU.Build.0 = Debug|Any CPU
		{7D0C2141-7B7B-4B8A-8994-78EA05F36300}.Release|Any CPU.ActiveCfg = Release|Any CPU
		{7D0C2141-7B7B-4B8A-8994-78EA05F36300}.Release|Any CPU.Build.0 = Release|Any CPU
		{14205A51-1294-4207-8156-497B0CE000B5}.Debug|Any CPU.ActiveCfg = Debug|Any CPU
		{14205A51-1294-4207-8156-497B0CE000B5}.Debug|Any CPU.Build.0 = Debug|Any CPU
		{14205A51-1294-4207-8156-497B0CE000B5}.Release|Any CPU.ActiveCfg = Release|Any CPU
		{14205A51-1294-4207-8156-497B0CE000B5}.Release|Any CPU.Build.0 = Release|Any CPU
		{89E7B41C-95DD-410D-8DDD-8C496957F827}.Debug|Any CPU.ActiveCfg = Debug|Any CPU
		{89E7B41C-95DD-410D-8DDD-8C496957F827}.Debug|Any CPU.Build.0 = Debug|Any CPU
		{89E7B41C-95DD-410D-8DDD-8C496957F827}.Release|Any CPU.ActiveCfg = Release|Any CPU
		{89E7B41C-95DD-410D-8DDD-8C496957F827}.Release|Any CPU.Build.0 = Release|Any CPU
		{1809A897-44EC-45FA-89E0-D366D7BC6DC0}.Debug|Any CPU.ActiveCfg = Debug|Any CPU
		{1809A897-44EC-45FA-89E0-D366D7BC6DC0}.Debug|Any CPU.Build.0 = Debug|Any CPU
		{1809A897-44EC-45FA-89E0-D366D7BC6DC0}.Release|Any CPU.ActiveCfg = Release|Any CPU
		{1809A897-44EC-45FA-89E0-D366D7BC6DC0}.Release|Any CPU.Build.0 = Release|Any CPU
		{1DC586B8-665A-4C5C-A846-4468429739D9}.Debug|Any CPU.ActiveCfg = Debug|Any CPU
		{1DC586B8-665A-4C5C-A846-4468429739D9}.Debug|Any CPU.Build.0 = Debug|Any CPU
		{1DC586B8-665A-4C5C-A846-4468429739D9}.Release|Any CPU.ActiveCfg = Release|Any CPU
		{1DC586B8-665A-4C5C-A846-4468429739D9}.Release|Any CPU.Build.0 = Release|Any CPU
		{2423568F-EBDB-4D4D-BC1F-E15DFA8A7330}.Debug|Any CPU.ActiveCfg = Debug|Any CPU
		{2423568F-EBDB-4D4D-BC1F-E15DFA8A7330}.Debug|Any CPU.Build.0 = Debug|Any CPU
		{2423568F-EBDB-4D4D-BC1F-E15DFA8A7330}.Release|Any CPU.ActiveCfg = Release|Any CPU
		{2423568F-EBDB-4D4D-BC1F-E15DFA8A7330}.Release|Any CPU.Build.0 = Release|Any CPU
		{CFCC2937-2091-499F-B6F9-5A0BC8C3CAF8}.Debug|Any CPU.ActiveCfg = Debug|Any CPU
		{CFCC2937-2091-499F-B6F9-5A0BC8C3CAF8}.Debug|Any CPU.Build.0 = Debug|Any CPU
		{CFCC2937-2091-499F-B6F9-5A0BC8C3CAF8}.Release|Any CPU.ActiveCfg = Release|Any CPU
		{CFCC2937-2091-499F-B6F9-5A0BC8C3CAF8}.Release|Any CPU.Build.0 = Release|Any CPU
		{46DB6941-9193-4F80-A8E6-65290D010486}.Debug|Any CPU.ActiveCfg = Debug|Any CPU
		{46DB6941-9193-4F80-A8E6-65290D010486}.Debug|Any CPU.Build.0 = Debug|Any CPU
		{46DB6941-9193-4F80-A8E6-65290D010486}.Release|Any CPU.ActiveCfg = Release|Any CPU
		{46DB6941-9193-4F80-A8E6-65290D010486}.Release|Any CPU.Build.0 = Release|Any CPU
		{EBA9057A-9ED4-434E-89A9-2AE4A8CF3A84}.Debug|Any CPU.ActiveCfg = Debug|Any CPU
		{EBA9057A-9ED4-434E-89A9-2AE4A8CF3A84}.Debug|Any CPU.Build.0 = Debug|Any CPU
		{EBA9057A-9ED4-434E-89A9-2AE4A8CF3A84}.Release|Any CPU.ActiveCfg = Release|Any CPU
		{EBA9057A-9ED4-434E-89A9-2AE4A8CF3A84}.Release|Any CPU.Build.0 = Release|Any CPU
		{63F12580-8AE3-4044-BE03-9F433DF75356}.Debug|Any CPU.ActiveCfg = Debug|Any CPU
		{63F12580-8AE3-4044-BE03-9F433DF75356}.Debug|Any CPU.Build.0 = Debug|Any CPU
		{63F12580-8AE3-4044-BE03-9F433DF75356}.Release|Any CPU.ActiveCfg = Release|Any CPU
		{63F12580-8AE3-4044-BE03-9F433DF75356}.Release|Any CPU.Build.0 = Release|Any CPU
		{35229E5A-F505-4FD0-AC0E-7C774C8B6BE3}.Debug|Any CPU.ActiveCfg = Debug|Any CPU
		{35229E5A-F505-4FD0-AC0E-7C774C8B6BE3}.Debug|Any CPU.Build.0 = Debug|Any CPU
		{35229E5A-F505-4FD0-AC0E-7C774C8B6BE3}.Release|Any CPU.ActiveCfg = Release|Any CPU
		{35229E5A-F505-4FD0-AC0E-7C774C8B6BE3}.Release|Any CPU.Build.0 = Release|Any CPU
		{72F91684-CB93-4774-B25B-69181FDDB7EA}.Debug|Any CPU.ActiveCfg = Debug|Any CPU
		{72F91684-CB93-4774-B25B-69181FDDB7EA}.Debug|Any CPU.Build.0 = Debug|Any CPU
		{72F91684-CB93-4774-B25B-69181FDDB7EA}.Release|Any CPU.ActiveCfg = Release|Any CPU
		{72F91684-CB93-4774-B25B-69181FDDB7EA}.Release|Any CPU.Build.0 = Release|Any CPU
		{8C0DE762-C604-4248-A8EF-2CE77D3AE11C}.Debug|Any CPU.ActiveCfg = Debug|Any CPU
		{8C0DE762-C604-4248-A8EF-2CE77D3AE11C}.Debug|Any CPU.Build.0 = Debug|Any CPU
		{8C0DE762-C604-4248-A8EF-2CE77D3AE11C}.Release|Any CPU.ActiveCfg = Release|Any CPU
		{8C0DE762-C604-4248-A8EF-2CE77D3AE11C}.Release|Any CPU.Build.0 = Release|Any CPU
		{FE259CDF-72BB-4179-8E31-0255CAEC5999}.Debug|Any CPU.ActiveCfg = Debug|Any CPU
		{FE259CDF-72BB-4179-8E31-0255CAEC5999}.Debug|Any CPU.Build.0 = Debug|Any CPU
		{FE259CDF-72BB-4179-8E31-0255CAEC5999}.Release|Any CPU.ActiveCfg = Release|Any CPU
		{FE259CDF-72BB-4179-8E31-0255CAEC5999}.Release|Any CPU.Build.0 = Release|Any CPU
		{74773AD6-106B-4054-8576-FC529E5B77FD}.Debug|Any CPU.ActiveCfg = Debug|Any CPU
		{74773AD6-106B-4054-8576-FC529E5B77FD}.Debug|Any CPU.Build.0 = Debug|Any CPU
		{74773AD6-106B-4054-8576-FC529E5B77FD}.Release|Any CPU.ActiveCfg = Release|Any CPU
		{74773AD6-106B-4054-8576-FC529E5B77FD}.Release|Any CPU.Build.0 = Release|Any CPU
		{144182E6-E247-48EC-BD47-4EE8583ACCDC}.Debug|Any CPU.ActiveCfg = Debug|Any CPU
		{144182E6-E247-48EC-BD47-4EE8583ACCDC}.Debug|Any CPU.Build.0 = Debug|Any CPU
		{144182E6-E247-48EC-BD47-4EE8583ACCDC}.Release|Any CPU.ActiveCfg = Release|Any CPU
		{144182E6-E247-48EC-BD47-4EE8583ACCDC}.Release|Any CPU.Build.0 = Release|Any CPU
		{FBBEF84F-1FEB-4B86-B513-174F0E511F99}.Debug|Any CPU.ActiveCfg = Debug|Any CPU
		{FBBEF84F-1FEB-4B86-B513-174F0E511F99}.Debug|Any CPU.Build.0 = Debug|Any CPU
		{FBBEF84F-1FEB-4B86-B513-174F0E511F99}.Release|Any CPU.ActiveCfg = Release|Any CPU
		{FBBEF84F-1FEB-4B86-B513-174F0E511F99}.Release|Any CPU.Build.0 = Release|Any CPU
		{93F72C7B-BD0A-407E-95F7-ECA8B9078044}.Debug|Any CPU.ActiveCfg = Debug|Any CPU
		{93F72C7B-BD0A-407E-95F7-ECA8B9078044}.Debug|Any CPU.Build.0 = Debug|Any CPU
		{93F72C7B-BD0A-407E-95F7-ECA8B9078044}.Release|Any CPU.ActiveCfg = Release|Any CPU
		{93F72C7B-BD0A-407E-95F7-ECA8B9078044}.Release|Any CPU.Build.0 = Release|Any CPU
		{D0E078E2-B476-464F-B2BA-896450388083}.Debug|Any CPU.ActiveCfg = Debug|Any CPU
		{D0E078E2-B476-464F-B2BA-896450388083}.Debug|Any CPU.Build.0 = Debug|Any CPU
		{D0E078E2-B476-464F-B2BA-896450388083}.Release|Any CPU.ActiveCfg = Release|Any CPU
		{D0E078E2-B476-464F-B2BA-896450388083}.Release|Any CPU.Build.0 = Release|Any CPU
		{1DB2BCB9-9602-4C42-BA6B-2EF74C014683}.Debug|Any CPU.ActiveCfg = Debug|Any CPU
		{1DB2BCB9-9602-4C42-BA6B-2EF74C014683}.Debug|Any CPU.Build.0 = Debug|Any CPU
		{1DB2BCB9-9602-4C42-BA6B-2EF74C014683}.Release|Any CPU.ActiveCfg = Release|Any CPU
		{1DB2BCB9-9602-4C42-BA6B-2EF74C014683}.Release|Any CPU.Build.0 = Release|Any CPU
		{C42B6475-780A-4BD5-A20F-D991FD918575}.Debug|Any CPU.ActiveCfg = Debug|Any CPU
		{C42B6475-780A-4BD5-A20F-D991FD918575}.Debug|Any CPU.Build.0 = Debug|Any CPU
		{C42B6475-780A-4BD5-A20F-D991FD918575}.Release|Any CPU.ActiveCfg = Release|Any CPU
		{C42B6475-780A-4BD5-A20F-D991FD918575}.Release|Any CPU.Build.0 = Release|Any CPU
		{D0010EBC-CAA9-442A-BDD1-791723AAE0AB}.Debug|Any CPU.ActiveCfg = Debug|Any CPU
		{D0010EBC-CAA9-442A-BDD1-791723AAE0AB}.Debug|Any CPU.Build.0 = Debug|Any CPU
		{D0010EBC-CAA9-442A-BDD1-791723AAE0AB}.Release|Any CPU.ActiveCfg = Release|Any CPU
		{D0010EBC-CAA9-442A-BDD1-791723AAE0AB}.Release|Any CPU.Build.0 = Release|Any CPU
		{2205252F-BC6C-4632-9D46-ED322CC3C9A9}.Debug|Any CPU.ActiveCfg = Debug|Any CPU
		{2205252F-BC6C-4632-9D46-ED322CC3C9A9}.Debug|Any CPU.Build.0 = Debug|Any CPU
		{2205252F-BC6C-4632-9D46-ED322CC3C9A9}.Release|Any CPU.ActiveCfg = Release|Any CPU
		{2205252F-BC6C-4632-9D46-ED322CC3C9A9}.Release|Any CPU.Build.0 = Release|Any CPU
		{626E1FA9-3F44-4843-9A84-539B9A8D50A8}.Debug|Any CPU.ActiveCfg = Debug|Any CPU
		{626E1FA9-3F44-4843-9A84-539B9A8D50A8}.Debug|Any CPU.Build.0 = Debug|Any CPU
		{626E1FA9-3F44-4843-9A84-539B9A8D50A8}.Release|Any CPU.ActiveCfg = Release|Any CPU
		{626E1FA9-3F44-4843-9A84-539B9A8D50A8}.Release|Any CPU.Build.0 = Release|Any CPU
		{EBCA44B1-41BB-474F-80FD-17AD7F03502A}.Debug|Any CPU.ActiveCfg = Debug|Any CPU
		{EBCA44B1-41BB-474F-80FD-17AD7F03502A}.Debug|Any CPU.Build.0 = Debug|Any CPU
		{EBCA44B1-41BB-474F-80FD-17AD7F03502A}.Release|Any CPU.ActiveCfg = Release|Any CPU
		{EBCA44B1-41BB-474F-80FD-17AD7F03502A}.Release|Any CPU.Build.0 = Release|Any CPU
		{52F858DF-260E-4573-ACFE-ED03CAD080BB}.Debug|Any CPU.ActiveCfg = Debug|Any CPU
		{52F858DF-260E-4573-ACFE-ED03CAD080BB}.Debug|Any CPU.Build.0 = Debug|Any CPU
		{52F858DF-260E-4573-ACFE-ED03CAD080BB}.Release|Any CPU.ActiveCfg = Release|Any CPU
		{52F858DF-260E-4573-ACFE-ED03CAD080BB}.Release|Any CPU.Build.0 = Release|Any CPU
		{E9750F49-600E-4E70-984B-7DAD9A2EC49C}.Debug|Any CPU.ActiveCfg = Debug|Any CPU
		{E9750F49-600E-4E70-984B-7DAD9A2EC49C}.Debug|Any CPU.Build.0 = Debug|Any CPU
		{E9750F49-600E-4E70-984B-7DAD9A2EC49C}.Release|Any CPU.ActiveCfg = Release|Any CPU
		{E9750F49-600E-4E70-984B-7DAD9A2EC49C}.Release|Any CPU.Build.0 = Release|Any CPU
		{1DE61B14-9C7D-4314-A4BD-5521D09353AB}.Debug|Any CPU.ActiveCfg = Debug|Any CPU
		{1DE61B14-9C7D-4314-A4BD-5521D09353AB}.Debug|Any CPU.Build.0 = Debug|Any CPU
		{1DE61B14-9C7D-4314-A4BD-5521D09353AB}.Release|Any CPU.ActiveCfg = Release|Any CPU
		{1DE61B14-9C7D-4314-A4BD-5521D09353AB}.Release|Any CPU.Build.0 = Release|Any CPU
		{739171B3-ECF3-4D33-BBFC-D6DB112870C5}.Debug|Any CPU.ActiveCfg = Debug|Any CPU
		{739171B3-ECF3-4D33-BBFC-D6DB112870C5}.Debug|Any CPU.Build.0 = Debug|Any CPU
		{739171B3-ECF3-4D33-BBFC-D6DB112870C5}.Release|Any CPU.ActiveCfg = Release|Any CPU
		{739171B3-ECF3-4D33-BBFC-D6DB112870C5}.Release|Any CPU.Build.0 = Release|Any CPU
		{C71585D7-E8FF-4CF1-836C-7813F5C0D539}.Debug|Any CPU.ActiveCfg = Debug|Any CPU
		{C71585D7-E8FF-4CF1-836C-7813F5C0D539}.Debug|Any CPU.Build.0 = Debug|Any CPU
		{C71585D7-E8FF-4CF1-836C-7813F5C0D539}.Release|Any CPU.ActiveCfg = Release|Any CPU
		{C71585D7-E8FF-4CF1-836C-7813F5C0D539}.Release|Any CPU.Build.0 = Release|Any CPU
		{62784016-A7B6-4C84-89A2-1056F6F386CF}.Debug|Any CPU.ActiveCfg = Debug|Any CPU
		{62784016-A7B6-4C84-89A2-1056F6F386CF}.Debug|Any CPU.Build.0 = Debug|Any CPU
		{62784016-A7B6-4C84-89A2-1056F6F386CF}.Release|Any CPU.ActiveCfg = Release|Any CPU
		{62784016-A7B6-4C84-89A2-1056F6F386CF}.Release|Any CPU.Build.0 = Release|Any CPU
		{6DE76B31-8D87-4E48-88FD-2CE928D8065B}.Debug|Any CPU.ActiveCfg = Debug|Any CPU
		{6DE76B31-8D87-4E48-88FD-2CE928D8065B}.Debug|Any CPU.Build.0 = Debug|Any CPU
		{6DE76B31-8D87-4E48-88FD-2CE928D8065B}.Release|Any CPU.ActiveCfg = Release|Any CPU
		{6DE76B31-8D87-4E48-88FD-2CE928D8065B}.Release|Any CPU.Build.0 = Release|Any CPU
		{01C7416E-EEF9-41EC-A20D-CCFBEDEE2EC7}.Debug|Any CPU.ActiveCfg = Debug|Any CPU
		{01C7416E-EEF9-41EC-A20D-CCFBEDEE2EC7}.Debug|Any CPU.Build.0 = Debug|Any CPU
		{01C7416E-EEF9-41EC-A20D-CCFBEDEE2EC7}.Release|Any CPU.ActiveCfg = Release|Any CPU
		{01C7416E-EEF9-41EC-A20D-CCFBEDEE2EC7}.Release|Any CPU.Build.0 = Release|Any CPU
		{26A4FC96-BE92-4985-AB4B-23B750B80F91}.Debug|Any CPU.ActiveCfg = Debug|Any CPU
		{26A4FC96-BE92-4985-AB4B-23B750B80F91}.Debug|Any CPU.Build.0 = Debug|Any CPU
		{26A4FC96-BE92-4985-AB4B-23B750B80F91}.Release|Any CPU.ActiveCfg = Release|Any CPU
		{26A4FC96-BE92-4985-AB4B-23B750B80F91}.Release|Any CPU.Build.0 = Release|Any CPU
		{0DE9A3A7-6843-4EEA-80AC-6AFFC9324ED2}.Debug|Any CPU.ActiveCfg = Debug|Any CPU
		{0DE9A3A7-6843-4EEA-80AC-6AFFC9324ED2}.Debug|Any CPU.Build.0 = Debug|Any CPU
		{0DE9A3A7-6843-4EEA-80AC-6AFFC9324ED2}.Release|Any CPU.ActiveCfg = Release|Any CPU
		{0DE9A3A7-6843-4EEA-80AC-6AFFC9324ED2}.Release|Any CPU.Build.0 = Release|Any CPU
		{D2A19D4A-DDEC-40AD-898F-9D718E311F2A}.Debug|Any CPU.ActiveCfg = Debug|Any CPU
		{D2A19D4A-DDEC-40AD-898F-9D718E311F2A}.Debug|Any CPU.Build.0 = Debug|Any CPU
		{D2A19D4A-DDEC-40AD-898F-9D718E311F2A}.Release|Any CPU.ActiveCfg = Release|Any CPU
		{D2A19D4A-DDEC-40AD-898F-9D718E311F2A}.Release|Any CPU.Build.0 = Release|Any CPU
		{3E1223AA-B462-4136-B923-38DF898E08FB}.Debug|Any CPU.ActiveCfg = Debug|Any CPU
		{3E1223AA-B462-4136-B923-38DF898E08FB}.Debug|Any CPU.Build.0 = Debug|Any CPU
		{3E1223AA-B462-4136-B923-38DF898E08FB}.Release|Any CPU.ActiveCfg = Release|Any CPU
		{3E1223AA-B462-4136-B923-38DF898E08FB}.Release|Any CPU.Build.0 = Release|Any CPU
		{710DF272-B362-4D56-A1B2-4DEE58589E47}.Debug|Any CPU.ActiveCfg = Debug|Any CPU
		{710DF272-B362-4D56-A1B2-4DEE58589E47}.Debug|Any CPU.Build.0 = Debug|Any CPU
		{710DF272-B362-4D56-A1B2-4DEE58589E47}.Release|Any CPU.ActiveCfg = Release|Any CPU
		{710DF272-B362-4D56-A1B2-4DEE58589E47}.Release|Any CPU.Build.0 = Release|Any CPU
		{F0DE60CC-0659-432E-AC8D-C5B086D23B4B}.Debug|Any CPU.ActiveCfg = Debug|Any CPU
		{F0DE60CC-0659-432E-AC8D-C5B086D23B4B}.Debug|Any CPU.Build.0 = Debug|Any CPU
		{F0DE60CC-0659-432E-AC8D-C5B086D23B4B}.Release|Any CPU.ActiveCfg = Release|Any CPU
		{F0DE60CC-0659-432E-AC8D-C5B086D23B4B}.Release|Any CPU.Build.0 = Release|Any CPU
		{EE46D853-F284-4486-A451-BDD26B166001}.Debug|Any CPU.ActiveCfg = Debug|Any CPU
		{EE46D853-F284-4486-A451-BDD26B166001}.Debug|Any CPU.Build.0 = Debug|Any CPU
		{EE46D853-F284-4486-A451-BDD26B166001}.Release|Any CPU.ActiveCfg = Release|Any CPU
		{EE46D853-F284-4486-A451-BDD26B166001}.Release|Any CPU.Build.0 = Release|Any CPU
		{368E5B84-232A-44C0-90C7-D2FDDC3C68B3}.Debug|Any CPU.ActiveCfg = Debug|Any CPU
		{368E5B84-232A-44C0-90C7-D2FDDC3C68B3}.Debug|Any CPU.Build.0 = Debug|Any CPU
		{368E5B84-232A-44C0-90C7-D2FDDC3C68B3}.Release|Any CPU.ActiveCfg = Release|Any CPU
		{368E5B84-232A-44C0-90C7-D2FDDC3C68B3}.Release|Any CPU.Build.0 = Release|Any CPU
		{62307DD8-78F0-42BC-9C28-D9274BDA5FDD}.Debug|Any CPU.ActiveCfg = Debug|Any CPU
		{62307DD8-78F0-42BC-9C28-D9274BDA5FDD}.Debug|Any CPU.Build.0 = Debug|Any CPU
		{62307DD8-78F0-42BC-9C28-D9274BDA5FDD}.Release|Any CPU.ActiveCfg = Release|Any CPU
		{62307DD8-78F0-42BC-9C28-D9274BDA5FDD}.Release|Any CPU.Build.0 = Release|Any CPU
		{3F091363-6B51-4220-8F56-194DBE72ED71}.Debug|Any CPU.ActiveCfg = Debug|Any CPU
		{3F091363-6B51-4220-8F56-194DBE72ED71}.Debug|Any CPU.Build.0 = Debug|Any CPU
		{3F091363-6B51-4220-8F56-194DBE72ED71}.Release|Any CPU.ActiveCfg = Release|Any CPU
		{3F091363-6B51-4220-8F56-194DBE72ED71}.Release|Any CPU.Build.0 = Release|Any CPU
		{5EEFEF56-05AE-49D4-AAD1-F18065A6B97E}.Debug|Any CPU.ActiveCfg = Debug|Any CPU
		{5EEFEF56-05AE-49D4-AAD1-F18065A6B97E}.Debug|Any CPU.Build.0 = Debug|Any CPU
		{5EEFEF56-05AE-49D4-AAD1-F18065A6B97E}.Release|Any CPU.ActiveCfg = Release|Any CPU
		{5EEFEF56-05AE-49D4-AAD1-F18065A6B97E}.Release|Any CPU.Build.0 = Release|Any CPU
		{95D938EC-01BA-407A-B0A7-18A681115AF5}.Debug|Any CPU.ActiveCfg = Debug|Any CPU
		{95D938EC-01BA-407A-B0A7-18A681115AF5}.Debug|Any CPU.Build.0 = Debug|Any CPU
		{95D938EC-01BA-407A-B0A7-18A681115AF5}.Release|Any CPU.ActiveCfg = Release|Any CPU
		{95D938EC-01BA-407A-B0A7-18A681115AF5}.Release|Any CPU.Build.0 = Release|Any CPU
		{98D60531-88D4-4B54-B462-DEDEAB9E82E8}.Debug|Any CPU.ActiveCfg = Debug|Any CPU
		{98D60531-88D4-4B54-B462-DEDEAB9E82E8}.Debug|Any CPU.Build.0 = Debug|Any CPU
		{98D60531-88D4-4B54-B462-DEDEAB9E82E8}.Release|Any CPU.ActiveCfg = Release|Any CPU
		{98D60531-88D4-4B54-B462-DEDEAB9E82E8}.Release|Any CPU.Build.0 = Release|Any CPU
		{E76360C8-5000-4F51-BAEE-2FE6ED07A0DF}.Debug|Any CPU.ActiveCfg = Debug|Any CPU
		{E76360C8-5000-4F51-BAEE-2FE6ED07A0DF}.Debug|Any CPU.Build.0 = Debug|Any CPU
		{E76360C8-5000-4F51-BAEE-2FE6ED07A0DF}.Release|Any CPU.ActiveCfg = Release|Any CPU
		{E76360C8-5000-4F51-BAEE-2FE6ED07A0DF}.Release|Any CPU.Build.0 = Release|Any CPU
		{FF349303-3EF0-476F-8D77-A7745E7F0CEE}.Debug|Any CPU.ActiveCfg = Debug|Any CPU
		{FF349303-3EF0-476F-8D77-A7745E7F0CEE}.Debug|Any CPU.Build.0 = Debug|Any CPU
		{FF349303-3EF0-476F-8D77-A7745E7F0CEE}.Release|Any CPU.ActiveCfg = Release|Any CPU
		{FF349303-3EF0-476F-8D77-A7745E7F0CEE}.Release|Any CPU.Build.0 = Release|Any CPU
		{D2E1E725-F843-44D8-A729-CA12A1AF807A}.Debug|Any CPU.ActiveCfg = Debug|Any CPU
		{D2E1E725-F843-44D8-A729-CA12A1AF807A}.Debug|Any CPU.Build.0 = Debug|Any CPU
		{D2E1E725-F843-44D8-A729-CA12A1AF807A}.Release|Any CPU.ActiveCfg = Release|Any CPU
		{D2E1E725-F843-44D8-A729-CA12A1AF807A}.Release|Any CPU.Build.0 = Release|Any CPU
		{4449071A-32FA-4407-90B7-6002F8C2A021}.Debug|Any CPU.ActiveCfg = Debug|Any CPU
		{4449071A-32FA-4407-90B7-6002F8C2A021}.Debug|Any CPU.Build.0 = Debug|Any CPU
		{4449071A-32FA-4407-90B7-6002F8C2A021}.Release|Any CPU.ActiveCfg = Release|Any CPU
		{4449071A-32FA-4407-90B7-6002F8C2A021}.Release|Any CPU.Build.0 = Release|Any CPU
		{C91ADD49-8A8D-4082-952B-860879ACE8A2}.Debug|Any CPU.ActiveCfg = Debug|Any CPU
		{C91ADD49-8A8D-4082-952B-860879ACE8A2}.Debug|Any CPU.Build.0 = Debug|Any CPU
		{C91ADD49-8A8D-4082-952B-860879ACE8A2}.Release|Any CPU.ActiveCfg = Release|Any CPU
		{C91ADD49-8A8D-4082-952B-860879ACE8A2}.Release|Any CPU.Build.0 = Release|Any CPU
		{1D882ECD-9661-45F1-99CF-655B531A20AF}.Debug|Any CPU.ActiveCfg = Debug|Any CPU
		{1D882ECD-9661-45F1-99CF-655B531A20AF}.Debug|Any CPU.Build.0 = Debug|Any CPU
		{1D882ECD-9661-45F1-99CF-655B531A20AF}.Release|Any CPU.ActiveCfg = Release|Any CPU
		{1D882ECD-9661-45F1-99CF-655B531A20AF}.Release|Any CPU.Build.0 = Release|Any CPU
		{CF327127-D629-417F-BD0B-AA68DE8BC851}.Debug|Any CPU.ActiveCfg = Debug|Any CPU
		{CF327127-D629-417F-BD0B-AA68DE8BC851}.Debug|Any CPU.Build.0 = Debug|Any CPU
		{CF327127-D629-417F-BD0B-AA68DE8BC851}.Release|Any CPU.ActiveCfg = Release|Any CPU
		{CF327127-D629-417F-BD0B-AA68DE8BC851}.Release|Any CPU.Build.0 = Release|Any CPU
		{26D86CBE-D309-4996-92C8-C109CA29C060}.Debug|Any CPU.ActiveCfg = Debug|Any CPU
		{26D86CBE-D309-4996-92C8-C109CA29C060}.Debug|Any CPU.Build.0 = Debug|Any CPU
		{26D86CBE-D309-4996-92C8-C109CA29C060}.Release|Any CPU.ActiveCfg = Release|Any CPU
		{26D86CBE-D309-4996-92C8-C109CA29C060}.Release|Any CPU.Build.0 = Release|Any CPU
		{8F2A9D6A-4278-42C1-BED2-37C4B8820C38}.Debug|Any CPU.ActiveCfg = Debug|Any CPU
		{8F2A9D6A-4278-42C1-BED2-37C4B8820C38}.Debug|Any CPU.Build.0 = Debug|Any CPU
		{8F2A9D6A-4278-42C1-BED2-37C4B8820C38}.Release|Any CPU.ActiveCfg = Release|Any CPU
		{8F2A9D6A-4278-42C1-BED2-37C4B8820C38}.Release|Any CPU.Build.0 = Release|Any CPU
		{8C86CB9D-5926-40B7-B5FF-DB0671B1FF2E}.Debug|Any CPU.ActiveCfg = Debug|Any CPU
		{8C86CB9D-5926-40B7-B5FF-DB0671B1FF2E}.Debug|Any CPU.Build.0 = Debug|Any CPU
		{8C86CB9D-5926-40B7-B5FF-DB0671B1FF2E}.Release|Any CPU.ActiveCfg = Release|Any CPU
		{8C86CB9D-5926-40B7-B5FF-DB0671B1FF2E}.Release|Any CPU.Build.0 = Release|Any CPU
		{BA96C1E8-3D08-45FE-A92B-4DEA0E2F0A98}.Debug|Any CPU.ActiveCfg = Debug|Any CPU
		{BA96C1E8-3D08-45FE-A92B-4DEA0E2F0A98}.Debug|Any CPU.Build.0 = Debug|Any CPU
		{BA96C1E8-3D08-45FE-A92B-4DEA0E2F0A98}.Release|Any CPU.ActiveCfg = Release|Any CPU
		{BA96C1E8-3D08-45FE-A92B-4DEA0E2F0A98}.Release|Any CPU.Build.0 = Release|Any CPU
		{B7F0A533-07ED-4984-AED0-EA27AB019965}.Debug|Any CPU.ActiveCfg = Debug|Any CPU
		{B7F0A533-07ED-4984-AED0-EA27AB019965}.Debug|Any CPU.Build.0 = Debug|Any CPU
		{B7F0A533-07ED-4984-AED0-EA27AB019965}.Release|Any CPU.ActiveCfg = Release|Any CPU
		{B7F0A533-07ED-4984-AED0-EA27AB019965}.Release|Any CPU.Build.0 = Release|Any CPU
		{4CF2185C-ADA4-4502-9088-7FE9E2F39639}.Debug|Any CPU.ActiveCfg = Debug|Any CPU
		{4CF2185C-ADA4-4502-9088-7FE9E2F39639}.Debug|Any CPU.Build.0 = Debug|Any CPU
		{4CF2185C-ADA4-4502-9088-7FE9E2F39639}.Release|Any CPU.ActiveCfg = Release|Any CPU
		{4CF2185C-ADA4-4502-9088-7FE9E2F39639}.Release|Any CPU.Build.0 = Release|Any CPU
		{769B7A67-AE06-4A6F-A0E5-76189CAB2781}.Debug|Any CPU.ActiveCfg = Debug|Any CPU
		{769B7A67-AE06-4A6F-A0E5-76189CAB2781}.Debug|Any CPU.Build.0 = Debug|Any CPU
		{769B7A67-AE06-4A6F-A0E5-76189CAB2781}.Release|Any CPU.ActiveCfg = Release|Any CPU
		{769B7A67-AE06-4A6F-A0E5-76189CAB2781}.Release|Any CPU.Build.0 = Release|Any CPU
		{C24683DC-1E44-4C3D-ACC8-1EF8C6580BDA}.Debug|Any CPU.ActiveCfg = Debug|Any CPU
		{C24683DC-1E44-4C3D-ACC8-1EF8C6580BDA}.Debug|Any CPU.Build.0 = Debug|Any CPU
		{C24683DC-1E44-4C3D-ACC8-1EF8C6580BDA}.Release|Any CPU.ActiveCfg = Release|Any CPU
		{C24683DC-1E44-4C3D-ACC8-1EF8C6580BDA}.Release|Any CPU.Build.0 = Release|Any CPU
		{FD828B05-C10E-4351-B8EF-52A6DA671FEE}.Debug|Any CPU.ActiveCfg = Debug|Any CPU
		{FD828B05-C10E-4351-B8EF-52A6DA671FEE}.Debug|Any CPU.Build.0 = Debug|Any CPU
		{FD828B05-C10E-4351-B8EF-52A6DA671FEE}.Release|Any CPU.ActiveCfg = Release|Any CPU
		{FD828B05-C10E-4351-B8EF-52A6DA671FEE}.Release|Any CPU.Build.0 = Release|Any CPU
		{B305D780-67D1-465D-97A6-049AA2A94FC3}.Debug|Any CPU.ActiveCfg = Debug|Any CPU
		{B305D780-67D1-465D-97A6-049AA2A94FC3}.Debug|Any CPU.Build.0 = Debug|Any CPU
		{B305D780-67D1-465D-97A6-049AA2A94FC3}.Release|Any CPU.ActiveCfg = Release|Any CPU
		{B305D780-67D1-465D-97A6-049AA2A94FC3}.Release|Any CPU.Build.0 = Release|Any CPU
		{EA4548DD-49EB-480B-BB5A-0C287B85D990}.Debug|Any CPU.ActiveCfg = Debug|Any CPU
		{EA4548DD-49EB-480B-BB5A-0C287B85D990}.Debug|Any CPU.Build.0 = Debug|Any CPU
		{EA4548DD-49EB-480B-BB5A-0C287B85D990}.Release|Any CPU.ActiveCfg = Release|Any CPU
		{EA4548DD-49EB-480B-BB5A-0C287B85D990}.Release|Any CPU.Build.0 = Release|Any CPU
		{6EAF1994-44FF-471D-8725-E2281435F264}.Debug|Any CPU.ActiveCfg = Debug|Any CPU
		{6EAF1994-44FF-471D-8725-E2281435F264}.Debug|Any CPU.Build.0 = Debug|Any CPU
		{6EAF1994-44FF-471D-8725-E2281435F264}.Release|Any CPU.ActiveCfg = Release|Any CPU
		{6EAF1994-44FF-471D-8725-E2281435F264}.Release|Any CPU.Build.0 = Release|Any CPU
		{A90A4166-5133-4E1C-9466-770B08FA2F65}.Debug|Any CPU.ActiveCfg = Debug|Any CPU
		{A90A4166-5133-4E1C-9466-770B08FA2F65}.Debug|Any CPU.Build.0 = Debug|Any CPU
		{A90A4166-5133-4E1C-9466-770B08FA2F65}.Release|Any CPU.ActiveCfg = Release|Any CPU
		{A90A4166-5133-4E1C-9466-770B08FA2F65}.Release|Any CPU.Build.0 = Release|Any CPU
		{B1214B52-4021-443F-9877-BE2B3D7EAC98}.Debug|Any CPU.ActiveCfg = Debug|Any CPU
		{B1214B52-4021-443F-9877-BE2B3D7EAC98}.Debug|Any CPU.Build.0 = Debug|Any CPU
		{B1214B52-4021-443F-9877-BE2B3D7EAC98}.Release|Any CPU.ActiveCfg = Release|Any CPU
		{B1214B52-4021-443F-9877-BE2B3D7EAC98}.Release|Any CPU.Build.0 = Release|Any CPU
		{374C9ACE-58E9-472E-BCF3-12FF7BE57B80}.Debug|Any CPU.ActiveCfg = Debug|Any CPU
		{374C9ACE-58E9-472E-BCF3-12FF7BE57B80}.Debug|Any CPU.Build.0 = Debug|Any CPU
		{374C9ACE-58E9-472E-BCF3-12FF7BE57B80}.Release|Any CPU.ActiveCfg = Release|Any CPU
		{374C9ACE-58E9-472E-BCF3-12FF7BE57B80}.Release|Any CPU.Build.0 = Release|Any CPU
	EndGlobalSection
	GlobalSection(SolutionProperties) = preSolution
		HideSolutionNode = FALSE
	EndGlobalSection
	GlobalSection(NestedProjects) = preSolution
		{CCA944C5-0616-4EF2-8D62-FED4FBE13570} = {F8014ADB-0362-4C36-A2AC-EC640905A657}
		{BAE3A446-F034-49EA-9F0F-868E59BDDAAC} = {F8014ADB-0362-4C36-A2AC-EC640905A657}
		{7D0C2141-7B7B-4B8A-8994-78EA05F36300} = {F8014ADB-0362-4C36-A2AC-EC640905A657}
		{14205A51-1294-4207-8156-497B0CE000B5} = {F8014ADB-0362-4C36-A2AC-EC640905A657}
		{89E7B41C-95DD-410D-8DDD-8C496957F827} = {F8014ADB-0362-4C36-A2AC-EC640905A657}
		{1809A897-44EC-45FA-89E0-D366D7BC6DC0} = {8D4DA3CD-177F-4EEA-819A-35C47A1A4947}
		{1DC586B8-665A-4C5C-A846-4468429739D9} = {8D4DA3CD-177F-4EEA-819A-35C47A1A4947}
		{2423568F-EBDB-4D4D-BC1F-E15DFA8A7330} = {8D4DA3CD-177F-4EEA-819A-35C47A1A4947}
		{CFCC2937-2091-499F-B6F9-5A0BC8C3CAF8} = {8D4DA3CD-177F-4EEA-819A-35C47A1A4947}
		{46DB6941-9193-4F80-A8E6-65290D010486} = {8D4DA3CD-177F-4EEA-819A-35C47A1A4947}
		{EBA9057A-9ED4-434E-89A9-2AE4A8CF3A84} = {8D4DA3CD-177F-4EEA-819A-35C47A1A4947}
		{63F12580-8AE3-4044-BE03-9F433DF75356} = {8D4DA3CD-177F-4EEA-819A-35C47A1A4947}
		{35229E5A-F505-4FD0-AC0E-7C774C8B6BE3} = {8D4DA3CD-177F-4EEA-819A-35C47A1A4947}
		{72F91684-CB93-4774-B25B-69181FDDB7EA} = {8D4DA3CD-177F-4EEA-819A-35C47A1A4947}
		{8C0DE762-C604-4248-A8EF-2CE77D3AE11C} = {8D4DA3CD-177F-4EEA-819A-35C47A1A4947}
		{FE259CDF-72BB-4179-8E31-0255CAEC5999} = {A208B0C0-087E-4249-B0EB-6EBAC1A8BACF}
		{74773AD6-106B-4054-8576-FC529E5B77FD} = {A208B0C0-087E-4249-B0EB-6EBAC1A8BACF}
		{144182E6-E247-48EC-BD47-4EE8583ACCDC} = {A208B0C0-087E-4249-B0EB-6EBAC1A8BACF}
		{FBBEF84F-1FEB-4B86-B513-174F0E511F99} = {A208B0C0-087E-4249-B0EB-6EBAC1A8BACF}
		{93F72C7B-BD0A-407E-95F7-ECA8B9078044} = {6B1DACAE-ACFF-49E4-9AC8-04A5362504B1}
		{D0E078E2-B476-464F-B2BA-896450388083} = {6B1DACAE-ACFF-49E4-9AC8-04A5362504B1}
		{1DB2BCB9-9602-4C42-BA6B-2EF74C014683} = {6B1DACAE-ACFF-49E4-9AC8-04A5362504B1}
		{C42B6475-780A-4BD5-A20F-D991FD918575} = {6B1DACAE-ACFF-49E4-9AC8-04A5362504B1}
		{D0010EBC-CAA9-442A-BDD1-791723AAE0AB} = {6B1DACAE-ACFF-49E4-9AC8-04A5362504B1}
		{2205252F-BC6C-4632-9D46-ED322CC3C9A9} = {6B1DACAE-ACFF-49E4-9AC8-04A5362504B1}
		{626E1FA9-3F44-4843-9A84-539B9A8D50A8} = {6B1DACAE-ACFF-49E4-9AC8-04A5362504B1}
		{EBCA44B1-41BB-474F-80FD-17AD7F03502A} = {6B1DACAE-ACFF-49E4-9AC8-04A5362504B1}
		{52F858DF-260E-4573-ACFE-ED03CAD080BB} = {6B1DACAE-ACFF-49E4-9AC8-04A5362504B1}
		{E9750F49-600E-4E70-984B-7DAD9A2EC49C} = {6B1DACAE-ACFF-49E4-9AC8-04A5362504B1}
		{1DE61B14-9C7D-4314-A4BD-5521D09353AB} = {6B1DACAE-ACFF-49E4-9AC8-04A5362504B1}
		{739171B3-ECF3-4D33-BBFC-D6DB112870C5} = {6B1DACAE-ACFF-49E4-9AC8-04A5362504B1}
		{C71585D7-E8FF-4CF1-836C-7813F5C0D539} = {6B1DACAE-ACFF-49E4-9AC8-04A5362504B1}
		{62784016-A7B6-4C84-89A2-1056F6F386CF} = {6B1DACAE-ACFF-49E4-9AC8-04A5362504B1}
		{6DE76B31-8D87-4E48-88FD-2CE928D8065B} = {46757EBC-4BDF-4C40-B7C4-18586810880B}
		{01C7416E-EEF9-41EC-A20D-CCFBEDEE2EC7} = {46757EBC-4BDF-4C40-B7C4-18586810880B}
		{26A4FC96-BE92-4985-AB4B-23B750B80F91} = {46757EBC-4BDF-4C40-B7C4-18586810880B}
		{0DE9A3A7-6843-4EEA-80AC-6AFFC9324ED2} = {46757EBC-4BDF-4C40-B7C4-18586810880B}
		{D2A19D4A-DDEC-40AD-898F-9D718E311F2A} = {46757EBC-4BDF-4C40-B7C4-18586810880B}
		{3E1223AA-B462-4136-B923-38DF898E08FB} = {46757EBC-4BDF-4C40-B7C4-18586810880B}
		{710DF272-B362-4D56-A1B2-4DEE58589E47} = {074BA6F6-3970-4CD9-AEAC-80CD67E1C1F2}
		{F0DE60CC-0659-432E-AC8D-C5B086D23B4B} = {074BA6F6-3970-4CD9-AEAC-80CD67E1C1F2}
		{EE46D853-F284-4486-A451-BDD26B166001} = {074BA6F6-3970-4CD9-AEAC-80CD67E1C1F2}
		{368E5B84-232A-44C0-90C7-D2FDDC3C68B3} = {074BA6F6-3970-4CD9-AEAC-80CD67E1C1F2}
		{62307DD8-78F0-42BC-9C28-D9274BDA5FDD} = {074BA6F6-3970-4CD9-AEAC-80CD67E1C1F2}
		{3F091363-6B51-4220-8F56-194DBE72ED71} = {074BA6F6-3970-4CD9-AEAC-80CD67E1C1F2}
		{5EEFEF56-05AE-49D4-AAD1-F18065A6B97E} = {074BA6F6-3970-4CD9-AEAC-80CD67E1C1F2}
		{95D938EC-01BA-407A-B0A7-18A681115AF5} = {074BA6F6-3970-4CD9-AEAC-80CD67E1C1F2}
		{98D60531-88D4-4B54-B462-DEDEAB9E82E8} = {6B64E8AC-79BC-4A26-A384-B527A9BDA1D7}
		{E76360C8-5000-4F51-BAEE-2FE6ED07A0DF} = {6B64E8AC-79BC-4A26-A384-B527A9BDA1D7}
		{FF349303-3EF0-476F-8D77-A7745E7F0CEE} = {6B64E8AC-79BC-4A26-A384-B527A9BDA1D7}
		{D2E1E725-F843-44D8-A729-CA12A1AF807A} = {6B64E8AC-79BC-4A26-A384-B527A9BDA1D7}
		{4449071A-32FA-4407-90B7-6002F8C2A021} = {6B64E8AC-79BC-4A26-A384-B527A9BDA1D7}
		{C91ADD49-8A8D-4082-952B-860879ACE8A2} = {6B64E8AC-79BC-4A26-A384-B527A9BDA1D7}
		{1D882ECD-9661-45F1-99CF-655B531A20AF} = {6B64E8AC-79BC-4A26-A384-B527A9BDA1D7}
		{CF327127-D629-417F-BD0B-AA68DE8BC851} = {6B64E8AC-79BC-4A26-A384-B527A9BDA1D7}
		{26D86CBE-D309-4996-92C8-C109CA29C060} = {6B64E8AC-79BC-4A26-A384-B527A9BDA1D7}
		{8F2A9D6A-4278-42C1-BED2-37C4B8820C38} = {5020378F-2F1C-40BF-BF10-7ACE346477BA}
		{8C86CB9D-5926-40B7-B5FF-DB0671B1FF2E} = {B2EBB40D-C940-4580-A306-C39C107BB2F5}
		{BA96C1E8-3D08-45FE-A92B-4DEA0E2F0A98} = {B2EBB40D-C940-4580-A306-C39C107BB2F5}
		{B7F0A533-07ED-4984-AED0-EA27AB019965} = {B2EBB40D-C940-4580-A306-C39C107BB2F5}
		{4CF2185C-ADA4-4502-9088-7FE9E2F39639} = {B2EBB40D-C940-4580-A306-C39C107BB2F5}
		{769B7A67-AE06-4A6F-A0E5-76189CAB2781} = {B2EBB40D-C940-4580-A306-C39C107BB2F5}
		{C24683DC-1E44-4C3D-ACC8-1EF8C6580BDA} = {B2EBB40D-C940-4580-A306-C39C107BB2F5}
		{FD828B05-C10E-4351-B8EF-52A6DA671FEE} = {970C2600-21E9-4C68-A7A4-8B738DDD5866}
		{B305D780-67D1-465D-97A6-049AA2A94FC3} = {970C2600-21E9-4C68-A7A4-8B738DDD5866}
		{EA4548DD-49EB-480B-BB5A-0C287B85D990} = {970C2600-21E9-4C68-A7A4-8B738DDD5866}
		{6EAF1994-44FF-471D-8725-E2281435F264} = {970C2600-21E9-4C68-A7A4-8B738DDD5866}
		{A90A4166-5133-4E1C-9466-770B08FA2F65} = {970C2600-21E9-4C68-A7A4-8B738DDD5866}
		{B1214B52-4021-443F-9877-BE2B3D7EAC98} = {970C2600-21E9-4C68-A7A4-8B738DDD5866}
		{374C9ACE-58E9-472E-BCF3-12FF7BE57B80} = {970C2600-21E9-4C68-A7A4-8B738DDD5866}
	EndGlobalSection
	GlobalSection(ExtensibilityGlobals) = postSolution
		SolutionGuid = {C646FEBD-4D36-4A20-AE0C-87200D25AD28}
	EndGlobalSection
EndGlobal
