
Microsoft Visual Studio Solution File, Format Version 12.00
# Visual Studio Version 17
VisualStudioVersion = 17.0.32126.317
MinimumVisualStudioVersion = 10.0.40219.1
Project("{9A19103F-16F7-4668-BE54-9A1E7A4F7556}") = "Task_4.1.17", "Task_4.1.17\Task_4.1.17.csproj", "{CCA944C5-0616-4EF2-8D62-FED4FBE13570}"
EndProject
Project("{9A19103F-16F7-4668-BE54-9A1E7A4F7556}") = "Task_4.3.__", "Task_4.3.__\Task_4.3.__.csproj", "{BAE3A446-F034-49EA-9F0F-868E59BDDAAC}"
EndProject
Project("{9A19103F-16F7-4668-BE54-9A1E7A4F7556}") = "Task 4.3.17", "Task 4.3.17\Task 4.3.17.csproj", "{7D0C2141-7B7B-4B8A-8994-78EA05F36300}"
EndProject
Project("{FAE04EC0-301F-11D3-BF4B-00C04F79EFBC}") = "Task_4.4.2", "Task_4.4.2\Task_4.4.2.csproj", "{14205A51-1294-4207-8156-497B0CE000B5}"
EndProject
Global
	GlobalSection(SolutionConfigurationPlatforms) = preSolution
		Debug|Any CPU = Debug|Any CPU
		Release|Any CPU = Release|Any CPU
	EndGlobalSection
	GlobalSection(ProjectConfigurationPlatforms) = postSolution
		{CCA944C5-0616-4EF2-8D62-FED4FBE13570}.Debug|Any CPU.ActiveCfg = Debug|Any CPU
		{CCA944C5-0616-4EF2-8D62-FED4FBE13570}.Debug|Any CPU.Build.0 = Debug|Any CPU
		{CCA944C5-0616-4EF2-8D62-FED4FBE13570}.Release|Any CPU.ActiveCfg = Release|Any CPU
		{CCA944C5-0616-4EF2-8D62-FED4FBE13570}.Release|Any CPU.Build.0 = Release|Any CPU
		{BAE3A446-F034-49EA-9F0F-868E59BDDAAC}.Debug|Any CPU.ActiveCfg = Debug|Any CPU
		{BAE3A446-F034-49EA-9F0F-868E59BDDAAC}.Debug|Any CPU.Build.0 = Debug|Any CPU
		{BAE3A446-F034-49EA-9F0F-868E59BDDAAC}.Release|Any CPU.ActiveCfg = Release|Any CPU
		{BAE3A446-F034-49EA-9F0F-868E59BDDAAC}.Release|Any CPU.Build.0 = Release|Any CPU
		{7D0C2141-7B7B-4B8A-8994-78EA05F36300}.Debug|Any CPU.ActiveCfg = Debug|Any CPU
		{7D0C2141-7B7B-4B8A-8994-78EA05F36300}.Debug|Any CPU.Build.0 = Debug|Any CPU
		{7D0C2141-7B7B-4B8A-8994-78EA05F36300}.Release|Any CPU.ActiveCfg = Release|Any CPU
		{7D0C2141-7B7B-4B8A-8994-78EA05F36300}.Release|Any CPU.Build.0 = Release|Any CPU
		{14205A51-1294-4207-8156-497B0CE000B5}.Debug|Any CPU.ActiveCfg = Debug|Any CPU
		{14205A51-1294-4207-8156-497B0CE000B5}.Debug|Any CPU.Build.0 = Debug|Any CPU
		{14205A51-1294-4207-8156-497B0CE000B5}.Release|Any CPU.ActiveCfg = Release|Any CPU
		{14205A51-1294-4207-8156-497B0CE000B5}.Release|Any CPU.Build.0 = Release|Any CPU
	EndGlobalSection
	GlobalSection(SolutionProperties) = preSolution
		HideSolutionNode = FALSE
	EndGlobalSection
	GlobalSection(ExtensibilityGlobals) = postSolution
		SolutionGuid = {C646FEBD-4D36-4A20-AE0C-87200D25AD28}
	EndGlobalSection
EndGlobal
